<Solution>
  <Folder Name="/Itens de Solução/">
    <File Path="README.md" />
  </Folder>
  <Folder Name="/src/">
    <Project Path="src/FlowDesk.Api/FlowDesk.Api.csproj" />
    <Project Path="src/FlowDesk.Application/FlowDesk.Application.csproj" />
    <Project Path="src/FlowDesk.Domain/FlowDesk.Domain.csproj" />
    <Project Path="src/FlowDesk.Infrastructure/FlowDesk.Infrastructure.csproj" />
    <Project Path="src/FlowDesk.Web/FlowDesk.Web.esproj">
      <Build />
      <Deploy />
    </Project>
  </Folder>
  <Folder Name="/tests/">
    <Project Path="tests/FlowDesk.UnitTests/FlowDesk.UnitTests.csproj" />
  </Folder>
</Solution>
