<Solution>
  <Folder Name="/docs/">
    <File Path="README.md" />
    <File Path="ROADMAP.md" />
  </Folder>
  <Folder Name="/src/">
    <Project Path="src/FlowDesk.Api/FlowDesk.Api.csproj" />
    <Project Path="src/FlowDesk.Application/FlowDesk.Application.csproj" />
    <Project Path="src/FlowDesk.Domain/FlowDesk.Domain.csproj" />
    <Project Path="src/FlowDesk.Infrastructure/FlowDesk.Infrastructure.csproj" />
  </Folder>
  <Folder Name="/tests/">
    <Project Path="tests/FlowDesk.UnitTests/FlowDesk.UnitTests.csproj" />
  </Folder>
</Solution>
